// !$*UTF8*$!
{
	archiveVersion = 1;
	classes = {
	};
	objectVersion = 48;
	objects = {

/* Begin PBXBuildFile section */
		770B754E205EF3ED0057BA83 /* ItemStore.swift in Sources */ = {isa = PBXBuildFile; fileRef = 770B754D205EF3ED0057BA83 /* ItemStore.swift */; };
		7719F730206C4917007635FB /* DatePickerViewController.swift in Sources */ = {isa = PBXBuildFile; fileRef = 7719F72F206C4917007635FB /* DatePickerViewController.swift */; };
		775330342072D690001D1B12 /* ImageStore.swift in Sources */ = {isa = PBXBuildFile; fileRef = 775330332072D690001D1B12 /* ImageStore.swift */; };
		77954115206998F20043D337 /* DetailViewController.swift in Sources */ = {isa = PBXBuildFile; fileRef = 77954114206998F20043D337 /* DetailViewController.swift */; };
		77ED146C2061A20800E59316 /* ItemCell.swift in Sources */ = {isa = PBXBuildFile; fileRef = 77ED146B2061A20800E59316 /* ItemCell.swift */; };
		77FB14E7205EED22005FF2D5 /* AppDelegate.swift in Sources */ = {isa = PBXBuildFile; fileRef = 77FB14E6205EED22005FF2D5 /* AppDelegate.swift */; };
		77FB14EC205EED22005FF2D5 /* Main.storyboard in Resources */ = {isa = PBXBuildFile; fileRef = 77FB14EA205EED22005FF2D5 /* Main.storyboard */; };
		77FB14EE205EED22005FF2D5 /* Assets.xcassets in Resources */ = {isa = PBXBuildFile; fileRef = 77FB14ED205EED22005FF2D5 /* Assets.xcassets */; };
		77FB14F1205EED22005FF2D5 /* LaunchScreen.storyboard in Resources */ = {isa = PBXBuildFile; fileRef = 77FB14EF205EED22005FF2D5 /* LaunchScreen.storyboard */; };
		77FB14FC205EED23005FF2D5 /* HomepwnerTests.swift in Sources */ = {isa = PBXBuildFile; fileRef = 77FB14FB205EED23005FF2D5 /* HomepwnerTests.swift */; };
		77FB1507205EED23005FF2D5 /* HomepwnerUITests.swift in Sources */ = {isa = PBXBuildFile; fileRef = 77FB1506205EED23005FF2D5 /* HomepwnerUITests.swift */; };
		77FB1515205EEE01005FF2D5 /* ItemsViewController.swift in Sources */ = {isa = PBXBuildFile; fileRef = 77FB1514205EEE01005FF2D5 /* ItemsViewController.swift */; };
		77FB1517205EEF30005FF2D5 /* Item.swift in Sources */ = {isa = PBXBuildFile; fileRef = 77FB1516205EEF30005FF2D5 /* Item.swift */; };
/* End PBXBuildFile section */

/* Begin PBXContainerItemProxy section */
		77FB14F8205EED23005FF2D5 /* PBXContainerItemProxy */ = {
			isa = PBXContainerItemProxy;
			containerPortal = 77FB14DB205EED22005FF2D5 /* Project object */;
			proxyType = 1;
			remoteGlobalIDString = 77FB14E2205EED22005FF2D5;
			remoteInfo = Homepwner;
		};
		77FB1503205EED23005FF2D5 /* PBXContainerItemProxy */ = {
			isa = PBXContainerItemProxy;
			containerPortal = 77FB14DB205EED22005FF2D5 /* Project object */;
			proxyType = 1;
			remoteGlobalIDString = 77FB14E2205EED22005FF2D5;
			remoteInfo = Homepwner;
		};
/* End PBXContainerItemProxy section */

/* Begin PBXFileReference section */
		770B754D205EF3ED0057BA83 /* ItemStore.swift */ = {isa = PBXFileReference; lastKnownFileType = sourcecode.swift; path = ItemStore.swift; sourceTree = "<group>"; };
		7719F72F206C4917007635FB /* DatePickerViewController.swift */ = {isa = PBXFileReference; lastKnownFileType = sourcecode.swift; path = DatePickerViewController.swift; sourceTree = "<group>"; };
		775330332072D690001D1B12 /* ImageStore.swift */ = {isa = PBXFileReference; lastKnownFileType = sourcecode.swift; path = ImageStore.swift; sourceTree = "<group>"; };
		77954114206998F20043D337 /* DetailViewController.swift */ = {isa = PBXFileReference; lastKnownFileType = sourcecode.swift; path = DetailViewController.swift; sourceTree = "<group>"; };
		77ED146B2061A20800E59316 /* ItemCell.swift */ = {isa = PBXFileReference; lastKnownFileType = sourcecode.swift; path = ItemCell.swift; sourceTree = "<group>"; };
		77FB14E3205EED22005FF2D5 /* Homepwner.app */ = {isa = PBXFileReference; explicitFileType = wrapper.application; includeInIndex = 0; path = Homepwner.app; sourceTree = BUILT_PRODUCTS_DIR; };
		77FB14E6205EED22005FF2D5 /* AppDelegate.swift */ = {isa = PBXFileReference; lastKnownFileType = sourcecode.swift; path = AppDelegate.swift; sourceTree = "<group>"; };
		77FB14EB205EED22005FF2D5 /* Base */ = {isa = PBXFileReference; lastKnownFileType = file.storyboard; name = Base; path = Base.lproj/Main.storyboard; sourceTree = "<group>"; };
		77FB14ED205EED22005FF2D5 /* Assets.xcassets */ = {isa = PBXFileReference; lastKnownFileType = folder.assetcatalog; path = Assets.xcassets; sourceTree = "<group>"; };
		77FB14F0205EED22005FF2D5 /* Base */ = {isa = PBXFileReference; lastKnownFileType = file.storyboard; name = Base; path = Base.lproj/LaunchScreen.storyboard; sourceTree = "<group>"; };
		77FB14F2205EED22005FF2D5 /* Info.plist */ = {isa = PBXFileReference; lastKnownFileType = text.plist.xml; path = Info.plist; sourceTree = "<group>"; };
		77FB14F7205EED23005FF2D5 /* HomepwnerTests.xctest */ = {isa = PBXFileReference; explicitFileType = wrapper.cfbundle; includeInIndex = 0; path = HomepwnerTests.xctest; sourceTree = BUILT_PRODUCTS_DIR; };
		77FB14FB205EED23005FF2D5 /* HomepwnerTests.swift */ = {isa = PBXFileReference; lastKnownFileType = sourcecode.swift; path = HomepwnerTests.swift; sourceTree = "<group>"; };
		77FB14FD205EED23005FF2D5 /* Info.plist */ = {isa = PBXFileReference; lastKnownFileType = text.plist.xml; path = Info.plist; sourceTree = "<group>"; };
		77FB1502205EED23005FF2D5 /* HomepwnerUITests.xctest */ = {isa = PBXFileReference; explicitFileType = wrapper.cfbundle; includeInIndex = 0; path = HomepwnerUITests.xctest; sourceTree = BUILT_PRODUCTS_DIR; };
		77FB1506205EED23005FF2D5 /* HomepwnerUITests.swift */ = {isa = PBXFileReference; lastKnownFileType = sourcecode.swift; path = HomepwnerUITests.swift; sourceTree = "<group>"; };
		77FB1508205EED23005FF2D5 /* Info.plist */ = {isa = PBXFileReference; lastKnownFileType = text.plist.xml; path = Info.plist; sourceTree = "<group>"; };
		77FB1514205EEE01005FF2D5 /* ItemsViewController.swift */ = {isa = PBXFileReference; lastKnownFileType = sourcecode.swift; path = ItemsViewController.swift; sourceTree = "<group>"; };
		77FB1516205EEF30005FF2D5 /* Item.swift */ = {isa = PBXFileReference; lastKnownFileType = sourcecode.swift; path = Item.swift; sourceTree = "<group>"; };
/* End PBXFileReference section */

/* Begin PBXFrameworksBuildPhase section */
		77FB14E0205EED22005FF2D5 /* Frameworks */ = {
			isa = PBXFrameworksBuildPhase;
			buildActionMask = 2147483647;
			files = (
			);
			runOnlyForDeploymentPostprocessing = 0;
		};
		77FB14F4205EED23005FF2D5 /* Frameworks */ = {
			isa = PBXFrameworksBuildPhase;
			buildActionMask = 2147483647;
			files = (
			);
			runOnlyForDeploymentPostprocessing = 0;
		};
		77FB14FF205EED23005FF2D5 /* Frameworks */ = {
			isa = PBXFrameworksBuildPhase;
			buildActionMask = 2147483647;
			files = (
			);
			runOnlyForDeploymentPostprocessing = 0;
		};
/* End PBXFrameworksBuildPhase section */

/* Begin PBXGroup section */
		77FB14DA205EED22005FF2D5 = {
			isa = PBXGroup;
			children = (
				77FB14E5205EED22005FF2D5 /* Homepwner */,
				77FB14FA205EED23005FF2D5 /* HomepwnerTests */,
				77FB1505205EED23005FF2D5 /* HomepwnerUITests */,
				77FB14E4205EED22005FF2D5 /* Products */,
			);
			sourceTree = "<group>";
		};
		77FB14E4205EED22005FF2D5 /* Products */ = {
			isa = PBXGroup;
			children = (
				77FB14E3205EED22005FF2D5 /* Homepwner.app */,
				77FB14F7205EED23005FF2D5 /* HomepwnerTests.xctest */,
				77FB1502205EED23005FF2D5 /* HomepwnerUITests.xctest */,
			);
			name = Products;
			sourceTree = "<group>";
		};
		77FB14E5205EED22005FF2D5 /* Homepwner */ = {
			isa = PBXGroup;
			children = (
				77FB14E6205EED22005FF2D5 /* AppDelegate.swift */,
				77FB1514205EEE01005FF2D5 /* ItemsViewController.swift */,
				77954114206998F20043D337 /* DetailViewController.swift */,
				7719F72F206C4917007635FB /* DatePickerViewController.swift */,
				77FB1516205EEF30005FF2D5 /* Item.swift */,
				770B754D205EF3ED0057BA83 /* ItemStore.swift */,
				775330332072D690001D1B12 /* ImageStore.swift */,
				77ED146B2061A20800E59316 /* ItemCell.swift */,
				77FB14EA205EED22005FF2D5 /* Main.storyboard */,
				77FB14ED205EED22005FF2D5 /* Assets.xcassets */,
				77FB14EF205EED22005FF2D5 /* LaunchScreen.storyboard */,
				77FB14F2205EED22005FF2D5 /* Info.plist */,
			);
			path = Homepwner;
			sourceTree = "<group>";
		};
		77FB14FA205EED23005FF2D5 /* HomepwnerTests */ = {
			isa = PBXGroup;
			children = (
				77FB14FB205EED23005FF2D5 /* HomepwnerTests.swift */,
				77FB14FD205EED23005FF2D5 /* Info.plist */,
			);
			path = HomepwnerTests;
			sourceTree = "<group>";
		};
		77FB1505205EED23005FF2D5 /* HomepwnerUITests */ = {
			isa = PBXGroup;
			children = (
				77FB1506205EED23005FF2D5 /* HomepwnerUITests.swift */,
				77FB1508205EED23005FF2D5 /* Info.plist */,
			);
			path = HomepwnerUITests;
			sourceTree = "<group>";
		};
/* End PBXGroup section */

/* Begin PBXNativeTarget section */
		77FB14E2205EED22005FF2D5 /* Homepwner */ = {
			isa = PBXNativeTarget;
			buildConfigurationList = 77FB150B205EED23005FF2D5 /* Build configuration list for PBXNativeTarget "Homepwner" */;
			buildPhases = (
				77FB14DF205EED22005FF2D5 /* Sources */,
				77FB14E0205EED22005FF2D5 /* Frameworks */,
				77FB14E1205EED22005FF2D5 /* Resources */,
			);
			buildRules = (
			);
			dependencies = (
			);
			name = Homepwner;
			productName = Homepwner;
			productReference = 77FB14E3205EED22005FF2D5 /* Homepwner.app */;
			productType = "com.apple.product-type.application";
		};
		77FB14F6205EED23005FF2D5 /* HomepwnerTests */ = {
			isa = PBXNativeTarget;
			buildConfigurationList = 77FB150E205EED23005FF2D5 /* Build configuration list for PBXNativeTarget "HomepwnerTests" */;
			buildPhases = (
				77FB14F3205EED23005FF2D5 /* Sources */,
				77FB14F4205EED23005FF2D5 /* Frameworks */,
				77FB14F5205EED23005FF2D5 /* Resources */,
			);
			buildRules = (
			);
			dependencies = (
				77FB14F9205EED23005FF2D5 /* PBXTargetDependency */,
			);
			name = HomepwnerTests;
			productName = HomepwnerTests;
			productReference = 77FB14F7205EED23005FF2D5 /* HomepwnerTests.xctest */;
			productType = "com.apple.product-type.bundle.unit-test";
		};
		77FB1501205EED23005FF2D5 /* HomepwnerUITests */ = {
			isa = PBXNativeTarget;
			buildConfigurationList = 77FB1511205EED23005FF2D5 /* Build configuration list for PBXNativeTarget "HomepwnerUITests" */;
			buildPhases = (
				77FB14FE205EED23005FF2D5 /* Sources */,
				77FB14FF205EED23005FF2D5 /* Frameworks */,
				77FB1500205EED23005FF2D5 /* Resources */,
			);
			buildRules = (
			);
			dependencies = (
				77FB1504205EED23005FF2D5 /* PBXTargetDependency */,
			);
			name = HomepwnerUITests;
			productName = HomepwnerUITests;
			productReference = 77FB1502205EED23005FF2D5 /* HomepwnerUITests.xctest */;
			productType = "com.apple.product-type.bundle.ui-testing";
		};
/* End PBXNativeTarget section */

/* Begin PBXProject section */
		77FB14DB205EED22005FF2D5 /* Project object */ = {
			isa = PBXProject;
			attributes = {
				LastSwiftUpdateCheck = 0920;
				LastUpgradeCheck = 0920;
				ORGANIZATIONNAME = "Justin Weiss";
				TargetAttributes = {
					77FB14E2205EED22005FF2D5 = {
						CreatedOnToolsVersion = 9.2;
						ProvisioningStyle = Automatic;
					};
					77FB14F6205EED23005FF2D5 = {
						CreatedOnToolsVersion = 9.2;
						ProvisioningStyle = Automatic;
						TestTargetID = 77FB14E2205EED22005FF2D5;
					};
					77FB1501205EED23005FF2D5 = {
						CreatedOnToolsVersion = 9.2;
						ProvisioningStyle = Automatic;
						TestTargetID = 77FB14E2205EED22005FF2D5;
					};
				};
			};
			buildConfigurationList = 77FB14DE205EED22005FF2D5 /* Build configuration list for PBXProject "Homepwner" */;
			compatibilityVersion = "Xcode 8.0";
			developmentRegion = en;
			hasScannedForEncodings = 0;
			knownRegions = (
				en,
				Base,
			);
			mainGroup = 77FB14DA205EED22005FF2D5;
			productRefGroup = 77FB14E4205EED22005FF2D5 /* Products */;
			projectDirPath = "";
			projectRoot = "";
			targets = (
				77FB14E2205EED22005FF2D5 /* Homepwner */,
				77FB14F6205EED23005FF2D5 /* HomepwnerTests */,
				77FB1501205EED23005FF2D5 /* HomepwnerUITests */,
			);
		};
/* End PBXProject section */

/* Begin PBXResourcesBuildPhase section */
		77FB14E1205EED22005FF2D5 /* Resources */ = {
			isa = PBXResourcesBuildPhase;
			buildActionMask = 2147483647;
			files = (
				77FB14F1205EED22005FF2D5 /* LaunchScreen.storyboard in Resources */,
				77FB14EE205EED22005FF2D5 /* Assets.xcassets in Resources */,
				77FB14EC205EED22005FF2D5 /* Main.storyboard in Resources */,
			);
			runOnlyForDeploymentPostprocessing = 0;
		};
		77FB14F5205EED23005FF2D5 /* Resources */ = {
			isa = PBXResourcesBuildPhase;
			buildActionMask = 2147483647;
			files = (
			);
			runOnlyForDeploymentPostprocessing = 0;
		};
		77FB1500205EED23005FF2D5 /* Resources */ = {
			isa = PBXResourcesBuildPhase;
			buildActionMask = 2147483647;
			files = (
			);
			runOnlyForDeploymentPostprocessing = 0;
		};
/* End PBXResourcesBuildPhase section */

/* Begin PBXSourcesBuildPhase section */
		77FB14DF205EED22005FF2D5 /* Sources */ = {
			isa = PBXSourcesBuildPhase;
			buildActionMask = 2147483647;
			files = (
				77FB1515205EEE01005FF2D5 /* ItemsViewController.swift in Sources */,
				77FB1517205EEF30005FF2D5 /* Item.swift in Sources */,
				7719F730206C4917007635FB /* DatePickerViewController.swift in Sources */,
				775330342072D690001D1B12 /* ImageStore.swift in Sources */,
				770B754E205EF3ED0057BA83 /* ItemStore.swift in Sources */,
				77954115206998F20043D337 /* DetailViewController.swift in Sources */,
				77FB14E7205EED22005FF2D5 /* AppDelegate.swift in Sources */,
				77ED146C2061A20800E59316 /* ItemCell.swift in Sources */,
			);
			runOnlyForDeploymentPostprocessing = 0;
		};
		77FB14F3205EED23005FF2D5 /* Sources */ = {
			isa = PBXSourcesBuildPhase;
			buildActionMask = 2147483647;
			files = (
				77FB14FC205EED23005FF2D5 /* HomepwnerTests.swift in Sources */,
			);
			runOnlyForDeploymentPostprocessing = 0;
		};
		77FB14FE205EED23005FF2D5 /* Sources */ = {
			isa = PBXSourcesBuildPhase;
			buildActionMask = 2147483647;
			files = (
				77FB1507205EED23005FF2D5 /* HomepwnerUITests.swift in Sources */,
			);
			runOnlyForDeploymentPostprocessing = 0;
		};
/* End PBXSourcesBuildPhase section */

/* Begin PBXTargetDependency section */
		77FB14F9205EED23005FF2D5 /* PBXTargetDependency */ = {
			isa = PBXTargetDependency;
			target = 77FB14E2205EED22005FF2D5 /* Homepwner */;
			targetProxy = 77FB14F8205EED23005FF2D5 /* PBXContainerItemProxy */;
		};
		77FB1504205EED23005FF2D5 /* PBXTargetDependency */ = {
			isa = PBXTargetDependency;
			target = 77FB14E2205EED22005FF2D5 /* Homepwner */;
			targetProxy = 77FB1503205EED23005FF2D5 /* PBXContainerItemProxy */;
		};
/* End PBXTargetDependency section */

/* Begin PBXVariantGroup section */
		77FB14EA205EED22005FF2D5 /* Main.storyboard */ = {
			isa = PBXVariantGroup;
			children = (
				77FB14EB205EED22005FF2D5 /* Base */,
			);
			name = Main.storyboard;
			sourceTree = "<group>";
		};
		77FB14EF205EED22005FF2D5 /* LaunchScreen.storyboard */ = {
			isa = PBXVariantGroup;
			children = (
				77FB14F0205EED22005FF2D5 /* Base */,
			);
			name = LaunchScreen.storyboard;
			sourceTree = "<group>";
		};
/* End PBXVariantGroup section */

/* Begin XCBuildConfiguration section */
		77FB1509205EED23005FF2D5 /* Debug */ = {
			isa = XCBuildConfiguration;
			buildSettings = {
				ALWAYS_SEARCH_USER_PATHS = NO;
				CLANG_ANALYZER_NONNULL = YES;
				CLANG_ANALYZER_NUMBER_OBJECT_CONVERSION = YES_AGGRESSIVE;
				CLANG_CXX_LANGUAGE_STANDARD = "gnu++14";
				CLANG_CXX_LIBRARY = "libc++";
				CLANG_ENABLE_MODULES = YES;
				CLANG_ENABLE_OBJC_ARC = YES;
				CLANG_WARN_BLOCK_CAPTURE_AUTORELEASING = YES;
				CLANG_WARN_BOOL_CONVERSION = YES;
				CLANG_WARN_COMMA = YES;
				CLANG_WARN_CONSTANT_CONVERSION = YES;
				CLANG_WARN_DIRECT_OBJC_ISA_USAGE = YES_ERROR;
				CLANG_WARN_DOCUMENTATION_COMMENTS = YES;
				CLANG_WARN_EMPTY_BODY = YES;
				CLANG_WARN_ENUM_CONVERSION = YES;
				CLANG_WARN_INFINITE_RECURSION = YES;
				CLANG_WARN_INT_CONVERSION = YES;
				CLANG_WARN_NON_LITERAL_NULL_CONVERSION = YES;
				CLANG_WARN_OBJC_LITERAL_CONVERSION = YES;
				CLANG_WARN_OBJC_ROOT_CLASS = YES_ERROR;
				CLANG_WARN_RANGE_LOOP_ANALYSIS = YES;
				CLANG_WARN_STRICT_PROTOTYPES = YES;
				CLANG_WARN_SUSPICIOUS_MOVE = YES;
				CLANG_WARN_UNGUARDED_AVAILABILITY = YES_AGGRESSIVE;
				CLANG_WARN_UNREACHABLE_CODE = YES;
				CLANG_WARN__DUPLICATE_METHOD_MATCH = YES;
				CODE_SIGN_IDENTITY = "iPhone Developer";
				COPY_PHASE_STRIP = NO;
				DEBUG_INFORMATION_FORMAT = dwarf;
				ENABLE_STRICT_OBJC_MSGSEND = YES;
				ENABLE_TESTABILITY = YES;
				GCC_C_LANGUAGE_STANDARD = gnu11;
				GCC_DYNAMIC_NO_PIC = NO;
				GCC_NO_COMMON_BLOCKS = YES;
				GCC_OPTIMIZATION_LEVEL = 0;
				GCC_PREPROCESSOR_DEFINITIONS = (
					"DEBUG=1",
					"$(inherited)",
				);
				GCC_WARN_64_TO_32_BIT_CONVERSION = YES;
				GCC_WARN_ABOUT_RETURN_TYPE = YES_ERROR;
				GCC_WARN_UNDECLARED_SELECTOR = YES;
				GCC_WARN_UNINITIALIZED_AUTOS = YES_AGGRESSIVE;
				GCC_WARN_UNUSED_FUNCTION = YES;
				GCC_WARN_UNUSED_VARIABLE = YES;
				IPHONEOS_DEPLOYMENT_TARGET = 11.2;
				MTL_ENABLE_DEBUG_INFO = YES;
				ONLY_ACTIVE_ARCH = YES;
				SDKROOT = iphoneos;
				SWIFT_ACTIVE_COMPILATION_CONDITIONS = DEBUG;
				SWIFT_OPTIMIZATION_LEVEL = "-Onone";
			};
			name = Debug;
		};
		77FB150A205EED23005FF2D5 /* Release */ = {
			isa = XCBuildConfiguration;
			buildSettings = {
				ALWAYS_SEARCH_USER_PATHS = NO;
				CLANG_ANALYZER_NONNULL = YES;
				CLANG_ANALYZER_NUMBER_OBJECT_CONVERSION = YES_AGGRESSIVE;
				CLANG_CXX_LANGUAGE_STANDARD = "gnu++14";
				CLANG_CXX_LIBRARY = "libc++";
				CLANG_ENABLE_MODULES = YES;
				CLANG_ENABLE_OBJC_ARC = YES;
				CLANG_WARN_BLOCK_CAPTURE_AUTORELEASING = YES;
				CLANG_WARN_BOOL_CONVERSION = YES;
				CLANG_WARN_COMMA = YES;
				CLANG_WARN_CONSTANT_CONVERSION = YES;
				CLANG_WARN_DIRECT_OBJC_ISA_USAGE = YES_ERROR;
				CLANG_WARN_DOCUMENTATION_COMMENTS = YES;
				CLANG_WARN_EMPTY_BODY = YES;
				CLANG_WARN_ENUM_CONVERSION = YES;
				CLANG_WARN_INFINITE_RECURSION = YES;
				CLANG_WARN_INT_CONVERSION = YES;
				CLANG_WARN_NON_LITERAL_NULL_CONVERSION = YES;
				CLANG_WARN_OBJC_LITERAL_CONVERSION = YES;
				CLANG_WARN_OBJC_ROOT_CLASS = YES_ERROR;
				CLANG_WARN_RANGE_LOOP_ANALYSIS = YES;
				CLANG_WARN_STRICT_PROTOTYPES = YES;
				CLANG_WARN_SUSPICIOUS_MOVE = YES;
				CLANG_WARN_UNGUARDED_AVAILABILITY = YES_AGGRESSIVE;
				CLANG_WARN_UNREACHABLE_CODE = YES;
				CLANG_WARN__DUPLICATE_METHOD_MATCH = YES;
				CODE_SIGN_IDENTITY = "iPhone Developer";
				COPY_PHASE_STRIP = NO;
				DEBUG_INFORMATION_FORMAT = "dwarf-with-dsym";
				ENABLE_NS_ASSERTIONS = NO;
				ENABLE_STRICT_OBJC_MSGSEND = YES;
				GCC_C_LANGUAGE_STANDARD = gnu11;
				GCC_NO_COMMON_BLOCKS = YES;
				GCC_WARN_64_TO_32_BIT_CONVERSION = YES;
				GCC_WARN_ABOUT_RETURN_TYPE = YES_ERROR;
				GCC_WARN_UNDECLARED_SELECTOR = YES;
				GCC_WARN_UNINITIALIZED_AUTOS = YES_AGGRESSIVE;
				GCC_WARN_UNUSED_FUNCTION = YES;
				GCC_WARN_UNUSED_VARIABLE = YES;
				IPHONEOS_DEPLOYMENT_TARGET = 11.2;
				MTL_ENABLE_DEBUG_INFO = NO;
				SDKROOT = iphoneos;
				SWIFT_OPTIMIZATION_LEVEL = "-Owholemodule";
				VALIDATE_PRODUCT = YES;
			};
			name = Release;
		};
		77FB150C205EED23005FF2D5 /* Debug */ = {
			isa = XCBuildConfiguration;
			buildSettings = {
				ASSETCATALOG_COMPILER_APPICON_NAME = AppIcon;
				CODE_SIGN_STYLE = Automatic;
				DEVELOPMENT_TEAM = 9L6F978E92;
				INFOPLIST_FILE = Homepwner/Info.plist;
				LD_RUNPATH_SEARCH_PATHS = "$(inherited) @executable_path/Frameworks";
				PRODUCT_BUNDLE_IDENTIFIER = com.JustinWeiss.Homepwner;
				PRODUCT_NAME = "$(TARGET_NAME)";
				SWIFT_VERSION = 4.0;
				TARGETED_DEVICE_FAMILY = "1,2";
			};
			name = Debug;
		};
		77FB150D205EED23005FF2D5 /* Release */ = {
			isa = XCBuildConfiguration;
			buildSettings = {
				ASSETCATALOG_COMPILER_APPICON_NAME = AppIcon;
				CODE_SIGN_STYLE = Automatic;
				DEVELOPMENT_TEAM = 9L6F978E92;
				INFOPLIST_FILE = Homepwner/Info.plist;
				LD_RUNPATH_SEARCH_PATHS = "$(inherited) @executable_path/Frameworks";
				PRODUCT_BUNDLE_IDENTIFIER = com.JustinWeiss.Homepwner;
				PRODUCT_NAME = "$(TARGET_NAME)";
				SWIFT_VERSION = 4.0;
				TARGETED_DEVICE_FAMILY = "1,2";
			};
			name = Release;
		};
		77FB150F205EED23005FF2D5 /* Debug */ = {
			isa = XCBuildConfiguration;
			buildSettings = {
				ALWAYS_EMBED_SWIFT_STANDARD_LIBRARIES = YES;
				BUNDLE_LOADER = "$(TEST_HOST)";
				CODE_SIGN_STYLE = Automatic;
				INFOPLIST_FILE = HomepwnerTests/Info.plist;
				LD_RUNPATH_SEARCH_PATHS = "$(inherited) @executable_path/Frameworks @loader_path/Frameworks";
				PRODUCT_BUNDLE_IDENTIFIER = com.JustinWeiss.HomepwnerTests;
				PRODUCT_NAME = "$(TARGET_NAME)";
				SWIFT_VERSION = 4.0;
				TARGETED_DEVICE_FAMILY = "1,2";
				TEST_HOST = "$(BUILT_PRODUCTS_DIR)/Homepwner.app/Homepwner";
			};
			name = Debug;
		};
		77FB1510205EED23005FF2D5 /* Release */ = {
			isa = XCBuildConfiguration;
			buildSettings = {
				ALWAYS_EMBED_SWIFT_STANDARD_LIBRARIES = YES;
				BUNDLE_LOADER = "$(TEST_HOST)";
				CODE_SIGN_STYLE = Automatic;
				INFOPLIST_FILE = HomepwnerTests/Info.plist;
				LD_RUNPATH_SEARCH_PATHS = "$(inherited) @executable_path/Frameworks @loader_path/Frameworks";
				PRODUCT_BUNDLE_IDENTIFIER = com.JustinWeiss.HomepwnerTests;
				PRODUCT_NAME = "$(TARGET_NAME)";
				SWIFT_VERSION = 4.0;
				TARGETED_DEVICE_FAMILY = "1,2";
				TEST_HOST = "$(BUILT_PRODUCTS_DIR)/Homepwner.app/Homepwner";
			};
			name = Release;
		};
		77FB1512205EED23005FF2D5 /* Debug */ = {
			isa = XCBuildConfiguration;
			buildSettings = {
				ALWAYS_EMBED_SWIFT_STANDARD_LIBRARIES = YES;
				CODE_SIGN_STYLE = Automatic;
				INFOPLIST_FILE = HomepwnerUITests/Info.plist;
				LD_RUNPATH_SEARCH_PATHS = "$(inherited) @executable_path/Frameworks @loader_path/Frameworks";
				PRODUCT_BUNDLE_IDENTIFIER = com.JustinWeiss.HomepwnerUITests;
				PRODUCT_NAME = "$(TARGET_NAME)";
				SWIFT_VERSION = 4.0;
				TARGETED_DEVICE_FAMILY = "1,2";
				TEST_TARGET_NAME = Homepwner;
			};
			name = Debug;
		};
		77FB1513205EED23005FF2D5 /* Release */ = {
			isa = XCBuildConfiguration;
			buildSettings = {
				ALWAYS_EMBED_SWIFT_STANDARD_LIBRARIES = YES;
				CODE_SIGN_STYLE = Automatic;
				INFOPLIST_FILE = HomepwnerUITests/Info.plist;
				LD_RUNPATH_SEARCH_PATHS = "$(inherited) @executable_path/Frameworks @loader_path/Frameworks";
				PRODUCT_BUNDLE_IDENTIFIER = com.JustinWeiss.HomepwnerUITests;
				PRODUCT_NAME = "$(TARGET_NAME)";
				SWIFT_VERSION = 4.0;
				TARGETED_DEVICE_FAMILY = "1,2";
				TEST_TARGET_NAME = Homepwner;
			};
			name = Release;
		};
/* End XCBuildConfiguration section */

/* Begin XCConfigurationList section */
		77FB14DE205EED22005FF2D5 /* Build configuration list for PBXProject "Homepwner" */ = {
			isa = XCConfigurationList;
			buildConfigurations = (
				77FB1509205EED23005FF2D5 /* Debug */,
				77FB150A205EED23005FF2D5 /* Release */,
			);
			defaultConfigurationIsVisible = 0;
			defaultConfigurationName = Release;
		};
		77FB150B205EED23005FF2D5 /* Build configuration list for PBXNativeTarget "Homepwner" */ = {
			isa = XCConfigurationList;
			buildConfigurations = (
				77FB150C205EED23005FF2D5 /* Debug */,
				77FB150D205EED23005FF2D5 /* Release */,
			);
			defaultConfigurationIsVisible = 0;
			defaultConfigurationName = Release;
		};
		77FB150E205EED23005FF2D5 /* Build configuration list for PBXNativeTarget "HomepwnerTests" */ = {
			isa = XCConfigurationList;
			buildConfigurations = (
				77FB150F205EED23005FF2D5 /* Debug */,
				77FB1510205EED23005FF2D5 /* Release */,
			);
			defaultConfigurationIsVisible = 0;
			defaultConfigurationName = Release;
		};
		77FB1511205EED23005FF2D5 /* Build configuration list for PBXNativeTarget "HomepwnerUITests" */ = {
			isa = XCConfigurationList;
			buildConfigurations = (
				77FB1512205EED23005FF2D5 /* Debug */,
				77FB1513205EED23005FF2D5 /* Release */,
			);
			defaultConfigurationIsVisible = 0;
			defaultConfigurationName = Release;
		};
/* End XCConfigurationList section */
	};
	rootObject = 77FB14DB205EED22005FF2D5 /* Project object */;
}
